#MicroXplorer Configuration settings - do not modify
ADC1.Channel-0\#ChannelRegularConversion=ADC_CHANNEL_1
ADC1.IPParameters=Rank-0\#ChannelRegularConversion,Channel-0\#ChannelRegularConversion,SamplingTime-0\#ChannelRegularConversion,NbrOfConversionFlag,master
ADC1.NbrOfConversionFlag=1
ADC1.Rank-0\#ChannelRegularConversion=1
ADC1.SamplingTime-0\#ChannelRegularConversion=ADC_SAMPLETIME_1CYCLE_5
ADC1.master=1
Dma.ADC1.0.Direction=DMA_PERIPH_TO_MEMORY
Dma.ADC1.0.Instance=DMA1_Channel1
Dma.ADC1.0.MemDataAlignment=DMA_MDATAALIGN_HALFWORD
Dma.ADC1.0.MemInc=DMA_MINC_ENABLE
Dma.ADC1.0.Mode=DMA_CIRCULAR
Dma.ADC1.0.PeriphDataAlignment=DMA_PDATAALIGN_HALFWORD
Dma.ADC1.0.PeriphInc=DMA_PINC_DISABLE
Dma.ADC1.0.Priority=DMA_PRIORITY_LOW
Dma.ADC1.0.RequestParameters=Instance,Direction,PeriphInc,MemInc,PeriphDataAlignment,MemDataAlignment,Mode,Priority
Dma.I2C2_RX.1.Direction=DMA_PERIPH_TO_MEMORY
Dma.I2C2_RX.1.Instance=DMA1_Channel5
Dma.I2C2_RX.1.MemDataAlignment=DMA_MDATAALIGN_BYTE
Dma.I2C2_RX.1.MemInc=DMA_MINC_ENABLE
Dma.I2C2_RX.1.Mode=DMA_NORMAL
Dma.I2C2_RX.1.PeriphDataAlignment=DMA_PDATAALIGN_BYTE
Dma.I2C2_RX.1.PeriphInc=DMA_PINC_DISABLE
Dma.I2C2_RX.1.Priority=DMA_PRIORITY_LOW
Dma.I2C2_RX.1.RequestParameters=Instance,Direction,PeriphInc,MemInc,PeriphDataAlignment,MemDataAlignment,Mode,Priority
Dma.Request0=ADC1
Dma.Request1=I2C2_RX
Dma.RequestsNb=2
File.Version=6
KeepUserPlacement=false
Mcu.Family=STM32F1
Mcu.IP0=ADC1
Mcu.IP1=DMA
Mcu.IP2=I2C2
Mcu.IP3=NVIC
Mcu.IP4=RCC
Mcu.IP5=SYS
Mcu.IP6=TIM3
Mcu.IPNb=7
Mcu.Name=STM32F103R(8-B)Tx
Mcu.Package=LQFP64
Mcu.Pin0=PC2
Mcu.Pin1=PC3
Mcu.Pin10=PA13
Mcu.Pin11=PA14
Mcu.Pin12=VP_SYS_VS_Systick
Mcu.Pin13=VP_TIM3_VS_ClockSourceINT
Mcu.Pin2=PA0-WKUP
Mcu.Pin3=PA1
Mcu.Pin4=PA6
Mcu.Pin5=PA7
Mcu.Pin6=PB0
Mcu.Pin7=PB1
Mcu.Pin8=PB10
Mcu.Pin9=PB11
Mcu.PinsNb=14
Mcu.ThirdPartyNb=0
Mcu.UserConstants=
Mcu.UserName=STM32F103RBTx
MxCube.Version=5.1.0
MxDb.Version=DB.5.0.10
NVIC.BusFault_IRQn=true\:0\:0\:false\:false\:true\:false\:false
NVIC.DMA1_Channel1_IRQn=true\:0\:0\:false\:false\:true\:false\:true
NVIC.DMA1_Channel5_IRQn=true\:0\:0\:false\:false\:true\:false\:true
NVIC.DebugMonitor_IRQn=true\:0\:0\:false\:false\:true\:false\:false
NVIC.HardFault_IRQn=true\:0\:0\:false\:false\:true\:false\:false
NVIC.MemoryManagement_IRQn=true\:0\:0\:false\:false\:true\:false\:false
NVIC.NonMaskableInt_IRQn=true\:0\:0\:false\:false\:true\:false\:false
NVIC.PendSV_IRQn=true\:0\:0\:false\:false\:true\:false\:false
NVIC.PriorityGroup=NVIC_PRIORITYGROUP_4
NVIC.SVCall_IRQn=true\:0\:0\:false\:false\:true\:false\:false
NVIC.SysTick_IRQn=true\:0\:0\:false\:false\:true\:false\:true
NVIC.UsageFault_IRQn=true\:0\:0\:false\:false\:true\:false\:false
PA0-WKUP.GPIOParameters=GPIO_PuPd,GPIO_Label
PA0-WKUP.GPIO_Label=ACS_FAULT
PA0-WKUP.GPIO_PuPd=GPIO_PULLUP
PA0-WKUP.Locked=true
PA0-WKUP.Signal=GPIO_Input
PA1.GPIOParameters=GPIO_Label
PA1.GPIO_Label=ACS_CURRENT
PA1.Locked=true
PA1.Signal=ADCx_IN1
PA13.Mode=Serial_Wire
PA13.Signal=SYS_JTMS-SWDIO
PA14.Mode=Serial_Wire
PA14.Signal=SYS_JTCK-SWCLK
PA6.GPIOParameters=GPIO_Label
PA6.GPIO_Label=ENCODER_1_A
PA6.Signal=S_TIM3_CH1
PA7.GPIOParameters=GPIO_Label
PA7.GPIO_Label=ENCODER_1_B
PA7.Signal=S_TIM3_CH2
PB0.GPIOParameters=GPIO_Label
PB0.GPIO_Label=ENCODER_2_A
PB0.Signal=S_TIM3_CH3
PB1.GPIOParameters=GPIO_Label
PB1.GPIO_Label=ENCODER_2_B
PB1.Signal=S_TIM3_CH4
PB10.Mode=I2C
PB10.Signal=I2C2_SCL
PB11.Mode=I2C
PB11.Signal=I2C2_SDA
PC2.GPIOParameters=GPIO_Label
PC2.GPIO_Label=ADC_1
PC2.Locked=true
PC2.Signal=ADCx_IN12
PC3.GPIOParameters=GPIO_Label
PC3.GPIO_Label=ADC_2
PC3.Locked=true
PC3.Signal=ADCx_IN13
PCC.Checker=false
PCC.Line=STM32F103
PCC.MCU=STM32F103R(8-B)Tx
PCC.PartNumber=STM32F103RBTx
PCC.Seq0=0
PCC.Series=STM32F1
PCC.Temperature=25
PCC.Vdd=3.3
PinOutPanel.RotationAngle=0
ProjectManager.AskForMigrate=true
ProjectManager.BackupPrevious=false
ProjectManager.CompilerOptimize=6
ProjectManager.ComputerToolchain=false
ProjectManager.CoupleFile=true
ProjectManager.CustomerFirmwarePackage=
ProjectManager.DefaultFWLocation=true
ProjectManager.DeletePrevious=true
ProjectManager.DeviceId=STM32F103RBTx
ProjectManager.FirmwarePackage=STM32Cube FW_F1 V1.7.0
ProjectManager.FreePins=true
ProjectManager.HalAssertFull=false
ProjectManager.HeapSize=0x200
ProjectManager.KeepUserCode=true
ProjectManager.LastFirmware=true
ProjectManager.LibraryCopy=1
ProjectManager.MainLocation=Core/Src
ProjectManager.NoMain=true
ProjectManager.PreviousToolchain=TrueSTUDIO
ProjectManager.ProjectBuild=false
ProjectManager.ProjectFileName=BrakeDriver.ioc
ProjectManager.ProjectName=BrakeDriver
ProjectManager.StackSize=0x400
ProjectManager.TargetToolchain=TrueSTUDIO
ProjectManager.ToolChainLocation=
ProjectManager.UnderRoot=true
ProjectManager.functionlistsort=1-MX_GPIO_Init-GPIO-false-HAL-true,2-MX_DMA_Init-DMA-false-HAL-true,3-MX_ADC1_Init-ADC1-false-HAL-true,4-SystemClock_Config-RCC-false-HAL-false,5-MX_I2C2_Init-I2C2-false-HAL-true,6-MX_TIM3_Init-TIM3-false-HAL-true
RCC.APB1Freq_Value=8000000
RCC.APB2Freq_Value=8000000
RCC.FamilyName=M
RCC.IPParameters=APB1Freq_Value,APB2Freq_Value,FamilyName,PLLCLKFreq_Value,PLLMCOFreq_Value,TimSysFreq_Value
RCC.PLLCLKFreq_Value=8000000
RCC.PLLMCOFreq_Value=4000000
RCC.TimSysFreq_Value=8000000
SH.ADCx_IN1.0=ADC1_IN1,IN1
SH.ADCx_IN1.ConfNb=1
SH.ADCx_IN12.0=ADC1_IN12,IN12
SH.ADCx_IN12.ConfNb=1
SH.ADCx_IN13.0=ADC1_IN13,IN13
SH.ADCx_IN13.ConfNb=1
SH.S_TIM3_CH1.0=TIM3_CH1,Input_Capture1_from_TI1
SH.S_TIM3_CH1.ConfNb=1
SH.S_TIM3_CH2.0=TIM3_CH2,Input_Capture2_from_TI2
SH.S_TIM3_CH2.ConfNb=1
SH.S_TIM3_CH3.0=TIM3_CH3,Input_Capture3_from_TI3
SH.S_TIM3_CH3.ConfNb=1
SH.S_TIM3_CH4.0=TIM3_CH4,Input_Capture4_from_TI4
SH.S_TIM3_CH4.ConfNb=1
TIM3.AutoReloadPreload=TIM_AUTORELOAD_PRELOAD_ENABLE
TIM3.Channel-Input_Capture1_from_TI1=TIM_CHANNEL_1
TIM3.Channel-Input_Capture2_from_TI2=TIM_CHANNEL_2
TIM3.Channel-Input_Capture3_from_TI3=TIM_CHANNEL_3
TIM3.Channel-Input_Capture4_from_TI4=TIM_CHANNEL_4
TIM3.IPParameters=Channel-Input_Capture1_from_TI1,Channel-Input_Capture2_from_TI2,Channel-Input_Capture3_from_TI3,Channel-Input_Capture4_from_TI4,Prescaler,Period,AutoReloadPreload
TIM3.Period=1000
TIM3.Prescaler=64
VP_SYS_VS_Systick.Mode=SysTick
VP_SYS_VS_Systick.Signal=SYS_VS_Systick
VP_TIM3_VS_ClockSourceINT.Mode=Internal
VP_TIM3_VS_ClockSourceINT.Signal=TIM3_VS_ClockSourceINT
board=custom
